// !$*UTF8*$!
{
	archiveVersion = 1;
	classes = {
	};
	objectVersion = 56;
	objects = {

/* Begin PBXBuildFile section */
		2C4E320B2B8B9D99001DAA5A /* Vec3.swift in Sources */ = {isa = PBXBuildFile; fileRef = 2C4E320A2B8B9D99001DAA5A /* Vec3.swift */; };
		2CA08AE32A632789005E14C5 /* AppDelegate.swift in Sources */ = {isa = PBXBuildFile; fileRef = 2CA08AE22A632789005E14C5 /* AppDelegate.swift */; };
		2CA08AE52A632789005E14C5 /* ViewController.swift in Sources */ = {isa = PBXBuildFile; fileRef = 2CA08AE42A632789005E14C5 /* ViewController.swift */; };
		2CA08AE72A63278A005E14C5 /* Assets.xcassets in Resources */ = {isa = PBXBuildFile; fileRef = 2CA08AE62A63278A005E14C5 /* Assets.xcassets */; };
		2CA08AEA2A63278A005E14C5 /* Main.storyboard in Resources */ = {isa = PBXBuildFile; fileRef = 2CA08AE82A63278A005E14C5 /* Main.storyboard */; };
		2CA08AF22A632824005E14C5 /* Matrix.swift in Sources */ = {isa = PBXBuildFile; fileRef = 2CA08AF12A632824005E14C5 /* Matrix.swift */; };
		2CA08AFA2A632B7C005E14C5 /* RasterLabTests.swift in Sources */ = {isa = PBXBuildFile; fileRef = 2CA08AF92A632B7C005E14C5 /* RasterLabTests.swift */; };
		2CA08B032A633631005E14C5 /* geometry.swift in Sources */ = {isa = PBXBuildFile; fileRef = 2CA08B002A6335A0005E14C5 /* geometry.swift */; };
		2CA08B052A633A68005E14C5 /* Images.swift in Sources */ = {isa = PBXBuildFile; fileRef = 2CA08B042A633A68005E14C5 /* Images.swift */; };
		2CA08B072A633A8B005E14C5 /* Renderer.swift in Sources */ = {isa = PBXBuildFile; fileRef = 2CA08B062A633A8B005E14C5 /* Renderer.swift */; };
/* End PBXBuildFile section */

/* Begin PBXContainerItemProxy section */
		2CA08AFB2A632B7C005E14C5 /* PBXContainerItemProxy */ = {
			isa = PBXContainerItemProxy;
			containerPortal = 2CA08AD72A632789005E14C5 /* Project object */;
			proxyType = 1;
			remoteGlobalIDString = 2CA08ADE2A632789005E14C5;
			remoteInfo = RasterLab;
		};
/* End PBXContainerItemProxy section */

/* Begin PBXFileReference section */
		2C4E320A2B8B9D99001DAA5A /* Vec3.swift */ = {isa = PBXFileReference; lastKnownFileType = sourcecode.swift; path = Vec3.swift; sourceTree = "<group>"; };
		2CA08ADF2A632789005E14C5 /* RasterLab.app */ = {isa = PBXFileReference; explicitFileType = wrapper.application; includeInIndex = 0; path = RasterLab.app; sourceTree = BUILT_PRODUCTS_DIR; };
		2CA08AE22A632789005E14C5 /* AppDelegate.swift */ = {isa = PBXFileReference; lastKnownFileType = sourcecode.swift; path = AppDelegate.swift; sourceTree = "<group>"; };
		2CA08AE42A632789005E14C5 /* ViewController.swift */ = {isa = PBXFileReference; lastKnownFileType = sourcecode.swift; path = ViewController.swift; sourceTree = "<group>"; };
		2CA08AE62A63278A005E14C5 /* Assets.xcassets */ = {isa = PBXFileReference; lastKnownFileType = folder.assetcatalog; path = Assets.xcassets; sourceTree = "<group>"; };
		2CA08AE92A63278A005E14C5 /* Base */ = {isa = PBXFileReference; lastKnownFileType = file.storyboard; name = Base; path = Base.lproj/Main.storyboard; sourceTree = "<group>"; };
		2CA08AEB2A63278A005E14C5 /* RasterLab.entitlements */ = {isa = PBXFileReference; lastKnownFileType = text.plist.entitlements; path = RasterLab.entitlements; sourceTree = "<group>"; };
		2CA08AF12A632824005E14C5 /* Matrix.swift */ = {isa = PBXFileReference; lastKnownFileType = sourcecode.swift; path = Matrix.swift; sourceTree = "<group>"; };
		2CA08AF72A632B7C005E14C5 /* RasterLabTests.xctest */ = {isa = PBXFileReference; explicitFileType = wrapper.cfbundle; includeInIndex = 0; path = RasterLabTests.xctest; sourceTree = BUILT_PRODUCTS_DIR; };
		2CA08AF92A632B7C005E14C5 /* RasterLabTests.swift */ = {isa = PBXFileReference; lastKnownFileType = sourcecode.swift; path = RasterLabTests.swift; sourceTree = "<group>"; };
		2CA08B002A6335A0005E14C5 /* geometry.swift */ = {isa = PBXFileReference; lastKnownFileType = sourcecode.swift; path = geometry.swift; sourceTree = "<group>"; };
		2CA08B042A633A68005E14C5 /* Images.swift */ = {isa = PBXFileReference; fileEncoding = 4; lastKnownFileType = sourcecode.swift; path = Images.swift; sourceTree = "<group>"; };
		2CA08B062A633A8B005E14C5 /* Renderer.swift */ = {isa = PBXFileReference; lastKnownFileType = sourcecode.swift; path = Renderer.swift; sourceTree = "<group>"; };
/* End PBXFileReference section */

/* Begin PBXFrameworksBuildPhase section */
		2CA08ADC2A632789005E14C5 /* Frameworks */ = {
			isa = PBXFrameworksBuildPhase;
			buildActionMask = 2147483647;
			files = (
			);
			runOnlyForDeploymentPostprocessing = 0;
		};
		2CA08AF42A632B7C005E14C5 /* Frameworks */ = {
			isa = PBXFrameworksBuildPhase;
			buildActionMask = 2147483647;
			files = (
			);
			runOnlyForDeploymentPostprocessing = 0;
		};
/* End PBXFrameworksBuildPhase section */

/* Begin PBXGroup section */
		2CA08AD62A632789005E14C5 = {
			isa = PBXGroup;
			children = (
				2CA08AE12A632789005E14C5 /* RasterLab */,
				2CA08AF82A632B7C005E14C5 /* RasterLabTests */,
				2CA08AE02A632789005E14C5 /* Products */,
			);
			sourceTree = "<group>";
		};
		2CA08AE02A632789005E14C5 /* Products */ = {
			isa = PBXGroup;
			children = (
				2CA08ADF2A632789005E14C5 /* RasterLab.app */,
				2CA08AF72A632B7C005E14C5 /* RasterLabTests.xctest */,
			);
			name = Products;
			sourceTree = "<group>";
		};
		2CA08AE12A632789005E14C5 /* RasterLab */ = {
			isa = PBXGroup;
			children = (
				2CA08AE22A632789005E14C5 /* AppDelegate.swift */,
				2CA08AE42A632789005E14C5 /* ViewController.swift */,
				2CA08B062A633A8B005E14C5 /* Renderer.swift */,
				2CA08AF12A632824005E14C5 /* Matrix.swift */,
				2C4E320A2B8B9D99001DAA5A /* Vec3.swift */,
				2CA08B002A6335A0005E14C5 /* geometry.swift */,
				2CA08B042A633A68005E14C5 /* Images.swift */,
				2CA08AE62A63278A005E14C5 /* Assets.xcassets */,
				2CA08AE82A63278A005E14C5 /* Main.storyboard */,
				2CA08AEB2A63278A005E14C5 /* RasterLab.entitlements */,
			);
			path = RasterLab;
			sourceTree = "<group>";
		};
		2CA08AF82A632B7C005E14C5 /* RasterLabTests */ = {
			isa = PBXGroup;
			children = (
				2CA08AF92A632B7C005E14C5 /* RasterLabTests.swift */,
			);
			path = RasterLabTests;
			sourceTree = "<group>";
		};
/* End PBXGroup section */

/* Begin PBXNativeTarget section */
		2CA08ADE2A632789005E14C5 /* RasterLab */ = {
			isa = PBXNativeTarget;
			buildConfigurationList = 2CA08AEE2A63278A005E14C5 /* Build configuration list for PBXNativeTarget "RasterLab" */;
			buildPhases = (
				2CA08ADB2A632789005E14C5 /* Sources */,
				2CA08ADC2A632789005E14C5 /* Frameworks */,
				2CA08ADD2A632789005E14C5 /* Resources */,
			);
			buildRules = (
			);
			dependencies = (
			);
			name = RasterLab;
			productName = RasterLab;
			productReference = 2CA08ADF2A632789005E14C5 /* RasterLab.app */;
			productType = "com.apple.product-type.application";
		};
		2CA08AF62A632B7C005E14C5 /* RasterLabTests */ = {
			isa = PBXNativeTarget;
			buildConfigurationList = 2CA08AFD2A632B7C005E14C5 /* Build configuration list for PBXNativeTarget "RasterLabTests" */;
			buildPhases = (
				2CA08AF32A632B7C005E14C5 /* Sources */,
				2CA08AF42A632B7C005E14C5 /* Frameworks */,
				2CA08AF52A632B7C005E14C5 /* Resources */,
			);
			buildRules = (
			);
			dependencies = (
				2CA08AFC2A632B7C005E14C5 /* PBXTargetDependency */,
			);
			name = RasterLabTests;
			productName = RasterLabTests;
			productReference = 2CA08AF72A632B7C005E14C5 /* RasterLabTests.xctest */;
			productType = "com.apple.product-type.bundle.unit-test";
		};
/* End PBXNativeTarget section */

/* Begin PBXProject section */
		2CA08AD72A632789005E14C5 /* Project object */ = {
			isa = PBXProject;
			attributes = {
				BuildIndependentTargetsInParallel = 1;
				LastSwiftUpdateCheck = 1430;
				LastUpgradeCheck = 1520;
				TargetAttributes = {
					2CA08ADE2A632789005E14C5 = {
						CreatedOnToolsVersion = 14.3.1;
					};
					2CA08AF62A632B7C005E14C5 = {
						CreatedOnToolsVersion = 14.3.1;
						TestTargetID = 2CA08ADE2A632789005E14C5;
					};
				};
			};
			buildConfigurationList = 2CA08ADA2A632789005E14C5 /* Build configuration list for PBXProject "RasterLab" */;
			compatibilityVersion = "Xcode 14.0";
			developmentRegion = en;
			hasScannedForEncodings = 0;
			knownRegions = (
				en,
				Base,
			);
			mainGroup = 2CA08AD62A632789005E14C5;
			productRefGroup = 2CA08AE02A632789005E14C5 /* Products */;
			projectDirPath = "";
			projectRoot = "";
			targets = (
				2CA08ADE2A632789005E14C5 /* RasterLab */,
				2CA08AF62A632B7C005E14C5 /* RasterLabTests */,
			);
		};
/* End PBXProject section */

/* Begin PBXResourcesBuildPhase section */
		2CA08ADD2A632789005E14C5 /* Resources */ = {
			isa = PBXResourcesBuildPhase;
			buildActionMask = 2147483647;
			files = (
				2CA08AE72A63278A005E14C5 /* Assets.xcassets in Resources */,
				2CA08AEA2A63278A005E14C5 /* Main.storyboard in Resources */,
			);
			runOnlyForDeploymentPostprocessing = 0;
		};
		2CA08AF52A632B7C005E14C5 /* Resources */ = {
			isa = PBXResourcesBuildPhase;
			buildActionMask = 2147483647;
			files = (
			);
			runOnlyForDeploymentPostprocessing = 0;
		};
/* End PBXResourcesBuildPhase section */

/* Begin PBXSourcesBuildPhase section */
		2CA08ADB2A632789005E14C5 /* Sources */ = {
			isa = PBXSourcesBuildPhase;
			buildActionMask = 2147483647;
			files = (
				2CA08B032A633631005E14C5 /* geometry.swift in Sources */,
				2CA08AE52A632789005E14C5 /* ViewController.swift in Sources */,
				2CA08B052A633A68005E14C5 /* Images.swift in Sources */,
				2CA08AE32A632789005E14C5 /* AppDelegate.swift in Sources */,
				2C4E320B2B8B9D99001DAA5A /* Vec3.swift in Sources */,
				2CA08B072A633A8B005E14C5 /* Renderer.swift in Sources */,
				2CA08AF22A632824005E14C5 /* Matrix.swift in Sources */,
			);
			runOnlyForDeploymentPostprocessing = 0;
		};
		2CA08AF32A632B7C005E14C5 /* Sources */ = {
			isa = PBXSourcesBuildPhase;
			buildActionMask = 2147483647;
			files = (
				2CA08AFA2A632B7C005E14C5 /* RasterLabTests.swift in Sources */,
			);
			runOnlyForDeploymentPostprocessing = 0;
		};
/* End PBXSourcesBuildPhase section */

/* Begin PBXTargetDependency section */
		2CA08AFC2A632B7C005E14C5 /* PBXTargetDependency */ = {
			isa = PBXTargetDependency;
			target = 2CA08ADE2A632789005E14C5 /* RasterLab */;
			targetProxy = 2CA08AFB2A632B7C005E14C5 /* PBXContainerItemProxy */;
		};
/* End PBXTargetDependency section */

/* Begin PBXVariantGroup section */
		2CA08AE82A63278A005E14C5 /* Main.storyboard */ = {
			isa = PBXVariantGroup;
			children = (
				2CA08AE92A63278A005E14C5 /* Base */,
			);
			name = Main.storyboard;
			sourceTree = "<group>";
		};
/* End PBXVariantGroup section */

/* Begin XCBuildConfiguration section */
		2CA08AEC2A63278A005E14C5 /* Debug */ = {
			isa = XCBuildConfiguration;
			buildSettings = {
				ALWAYS_SEARCH_USER_PATHS = NO;
				ASSETCATALOG_COMPILER_GENERATE_SWIFT_ASSET_SYMBOL_EXTENSIONS = YES;
				CLANG_ANALYZER_NONNULL = YES;
				CLANG_ANALYZER_NUMBER_OBJECT_CONVERSION = YES_AGGRESSIVE;
				CLANG_CXX_LANGUAGE_STANDARD = "gnu++20";
				CLANG_ENABLE_MODULES = YES;
				CLANG_ENABLE_OBJC_ARC = YES;
				CLANG_ENABLE_OBJC_WEAK = YES;
				CLANG_WARN_BLOCK_CAPTURE_AUTORELEASING = YES;
				CLANG_WARN_BOOL_CONVERSION = YES;
				CLANG_WARN_COMMA = YES;
				CLANG_WARN_CONSTANT_CONVERSION = YES;
				CLANG_WARN_DEPRECATED_OBJC_IMPLEMENTATIONS = YES;
				CLANG_WARN_DIRECT_OBJC_ISA_USAGE = YES_ERROR;
				CLANG_WARN_DOCUMENTATION_COMMENTS = YES;
				CLANG_WARN_EMPTY_BODY = YES;
				CLANG_WARN_ENUM_CONVERSION = YES;
				CLANG_WARN_INFINITE_RECURSION = YES;
				CLANG_WARN_INT_CONVERSION = YES;
				CLANG_WARN_NON_LITERAL_NULL_CONVERSION = YES;
				CLANG_WARN_OBJC_IMPLICIT_RETAIN_SELF = YES;
				CLANG_WARN_OBJC_LITERAL_CONVERSION = YES;
				CLANG_WARN_OBJC_ROOT_CLASS = YES_ERROR;
				CLANG_WARN_QUOTED_INCLUDE_IN_FRAMEWORK_HEADER = YES;
				CLANG_WARN_RANGE_LOOP_ANALYSIS = YES;
				CLANG_WARN_STRICT_PROTOTYPES = YES;
				CLANG_WARN_SUSPICIOUS_MOVE = YES;
				CLANG_WARN_UNGUARDED_AVAILABILITY = YES_AGGRESSIVE;
				CLANG_WARN_UNREACHABLE_CODE = YES;
				CLANG_WARN__DUPLICATE_METHOD_MATCH = YES;
				COPY_PHASE_STRIP = NO;
				DEAD_CODE_STRIPPING = YES;
				DEBUG_INFORMATION_FORMAT = dwarf;
				ENABLE_STRICT_OBJC_MSGSEND = YES;
				ENABLE_TESTABILITY = YES;
				ENABLE_USER_SCRIPT_SANDBOXING = YES;
				GCC_C_LANGUAGE_STANDARD = gnu11;
				GCC_DYNAMIC_NO_PIC = NO;
				GCC_NO_COMMON_BLOCKS = YES;
				GCC_OPTIMIZATION_LEVEL = 0;
				GCC_PREPROCESSOR_DEFINITIONS = (
					"DEBUG=1",
					"$(inherited)",
				);
				GCC_WARN_64_TO_32_BIT_CONVERSION = YES;
				GCC_WARN_ABOUT_RETURN_TYPE = YES_ERROR;
				GCC_WARN_UNDECLARED_SELECTOR = YES;
				GCC_WARN_UNINITIALIZED_AUTOS = YES_AGGRESSIVE;
				GCC_WARN_UNUSED_FUNCTION = YES;
				GCC_WARN_UNUSED_VARIABLE = YES;
				MACOSX_DEPLOYMENT_TARGET = 14.0;
				MTL_ENABLE_DEBUG_INFO = INCLUDE_SOURCE;
				MTL_FAST_MATH = YES;
				ONLY_ACTIVE_ARCH = YES;
				SDKROOT = macosx;
				SWIFT_ACTIVE_COMPILATION_CONDITIONS = DEBUG;
				SWIFT_OPTIMIZATION_LEVEL = "-Onone";
			};
			name = Debug;
		};
		2CA08AED2A63278A005E14C5 /* Release */ = {
			isa = XCBuildConfiguration;
			buildSettings = {
				ALWAYS_SEARCH_USER_PATHS = NO;
				ASSETCATALOG_COMPILER_GENERATE_SWIFT_ASSET_SYMBOL_EXTENSIONS = YES;
				CLANG_ANALYZER_NONNULL = YES;
				CLANG_ANALYZER_NUMBER_OBJECT_CONVERSION = YES_AGGRESSIVE;
				CLANG_CXX_LANGUAGE_STANDARD = "gnu++20";
				CLANG_ENABLE_MODULES = YES;
				CLANG_ENABLE_OBJC_ARC = YES;
				CLANG_ENABLE_OBJC_WEAK = YES;
				CLANG_WARN_BLOCK_CAPTURE_AUTORELEASING = YES;
				CLANG_WARN_BOOL_CONVERSION = YES;
				CLANG_WARN_COMMA = YES;
				CLANG_WARN_CONSTANT_CONVERSION = YES;
				CLANG_WARN_DEPRECATED_OBJC_IMPLEMENTATIONS = YES;
				CLANG_WARN_DIRECT_OBJC_ISA_USAGE = YES_ERROR;
				CLANG_WARN_DOCUMENTATION_COMMENTS = YES;
				CLANG_WARN_EMPTY_BODY = YES;
				CLANG_WARN_ENUM_CONVERSION = YES;
				CLANG_WARN_INFINITE_RECURSION = YES;
				CLANG_WARN_INT_CONVERSION = YES;
				CLANG_WARN_NON_LITERAL_NULL_CONVERSION = YES;
				CLANG_WARN_OBJC_IMPLICIT_RETAIN_SELF = YES;
				CLANG_WARN_OBJC_LITERAL_CONVERSION = YES;
				CLANG_WARN_OBJC_ROOT_CLASS = YES_ERROR;
				CLANG_WARN_QUOTED_INCLUDE_IN_FRAMEWORK_HEADER = YES;
				CLANG_WARN_RANGE_LOOP_ANALYSIS = YES;
				CLANG_WARN_STRICT_PROTOTYPES = YES;
				CLANG_WARN_SUSPICIOUS_MOVE = YES;
				CLANG_WARN_UNGUARDED_AVAILABILITY = YES_AGGRESSIVE;
				CLANG_WARN_UNREACHABLE_CODE = YES;
				CLANG_WARN__DUPLICATE_METHOD_MATCH = YES;
				COPY_PHASE_STRIP = NO;
				DEAD_CODE_STRIPPING = YES;
				DEBUG_INFORMATION_FORMAT = "dwarf-with-dsym";
				ENABLE_NS_ASSERTIONS = NO;
				ENABLE_STRICT_OBJC_MSGSEND = YES;
				ENABLE_USER_SCRIPT_SANDBOXING = YES;
				GCC_C_LANGUAGE_STANDARD = gnu11;
				GCC_NO_COMMON_BLOCKS = YES;
				GCC_WARN_64_TO_32_BIT_CONVERSION = YES;
				GCC_WARN_ABOUT_RETURN_TYPE = YES_ERROR;
				GCC_WARN_UNDECLARED_SELECTOR = YES;
				GCC_WARN_UNINITIALIZED_AUTOS = YES_AGGRESSIVE;
				GCC_WARN_UNUSED_FUNCTION = YES;
				GCC_WARN_UNUSED_VARIABLE = YES;
				MACOSX_DEPLOYMENT_TARGET = 14.0;
				MTL_ENABLE_DEBUG_INFO = NO;
				MTL_FAST_MATH = YES;
				SDKROOT = macosx;
				SWIFT_COMPILATION_MODE = wholemodule;
				SWIFT_OPTIMIZATION_LEVEL = "-O";
			};
			name = Release;
		};
		2CA08AEF2A63278A005E14C5 /* Debug */ = {
			isa = XCBuildConfiguration;
			buildSettings = {
				ASSETCATALOG_COMPILER_APPICON_NAME = AppIcon;
				ASSETCATALOG_COMPILER_GLOBAL_ACCENT_COLOR_NAME = AccentColor;
				CODE_SIGN_ENTITLEMENTS = RasterLab/RasterLab.entitlements;
				CODE_SIGN_STYLE = Automatic;
				COMBINE_HIDPI_IMAGES = YES;
				CURRENT_PROJECT_VERSION = 1;
				DEAD_CODE_STRIPPING = YES;
				DEVELOPMENT_TEAM = VDC2JMF3CC;
				GENERATE_INFOPLIST_FILE = YES;
				INFOPLIST_KEY_NSHumanReadableCopyright = "";
				INFOPLIST_KEY_NSMainStoryboardFile = Main;
				INFOPLIST_KEY_NSPrincipalClass = NSApplication;
				LD_RUNPATH_SEARCH_PATHS = (
					"$(inherited)",
					"@executable_path/../Frameworks",
				);
				MACOSX_DEPLOYMENT_TARGET = 14.0;
				MARKETING_VERSION = 1.0;
				PRODUCT_BUNDLE_IDENTIFIER = com.ivanmcode.RasterLab;
				PRODUCT_NAME = "$(TARGET_NAME)";
				SWIFT_EMIT_LOC_STRINGS = YES;
				SWIFT_VERSION = 5.0;
			};
			name = Debug;
		};
		2CA08AF02A63278A005E14C5 /* Release */ = {
			isa = XCBuildConfiguration;
			buildSettings = {
				ASSETCATALOG_COMPILER_APPICON_NAME = AppIcon;
				ASSETCATALOG_COMPILER_GLOBAL_ACCENT_COLOR_NAME = AccentColor;
				CODE_SIGN_ENTITLEMENTS = RasterLab/RasterLab.entitlements;
				CODE_SIGN_STYLE = Automatic;
				COMBINE_HIDPI_IMAGES = YES;
				CURRENT_PROJECT_VERSION = 1;
				DEAD_CODE_STRIPPING = YES;
				DEVELOPMENT_TEAM = VDC2JMF3CC;
				GENERATE_INFOPLIST_FILE = YES;
				INFOPLIST_KEY_NSHumanReadableCopyright = "";
				INFOPLIST_KEY_NSMainStoryboardFile = Main;
				INFOPLIST_KEY_NSPrincipalClass = NSApplication;
				LD_RUNPATH_SEARCH_PATHS = (
					"$(inherited)",
					"@executable_path/../Frameworks",
				);
				MACOSX_DEPLOYMENT_TARGET = 14.0;
				MARKETING_VERSION = 1.0;
				PRODUCT_BUNDLE_IDENTIFIER = com.ivanmcode.RasterLab;
				PRODUCT_NAME = "$(TARGET_NAME)";
				SWIFT_EMIT_LOC_STRINGS = YES;
				SWIFT_VERSION = 5.0;
			};
			name = Release;
		};
		2CA08AFE2A632B7C005E14C5 /* Debug */ = {
			isa = XCBuildConfiguration;
			buildSettings = {
				BUNDLE_LOADER = "$(TEST_HOST)";
				CODE_SIGN_STYLE = Automatic;
				CURRENT_PROJECT_VERSION = 1;
				DEAD_CODE_STRIPPING = YES;
				GENERATE_INFOPLIST_FILE = YES;
				MARKETING_VERSION = 1.0;
				PRODUCT_BUNDLE_IDENTIFIER = com.ivanmcode.RasterLabTests;
				PRODUCT_NAME = "$(TARGET_NAME)";
				SWIFT_EMIT_LOC_STRINGS = NO;
				SWIFT_VERSION = 5.0;
				TEST_HOST = "$(BUILT_PRODUCTS_DIR)/RasterLab.app/$(BUNDLE_EXECUTABLE_FOLDER_PATH)/RasterLab";
			};
			name = Debug;
		};
		2CA08AFF2A632B7C005E14C5 /* Release */ = {
			isa = XCBuildConfiguration;
			buildSettings = {
				BUNDLE_LOADER = "$(TEST_HOST)";
				CODE_SIGN_STYLE = Automatic;
				CURRENT_PROJECT_VERSION = 1;
				DEAD_CODE_STRIPPING = YES;
				GENERATE_INFOPLIST_FILE = YES;
				MARKETING_VERSION = 1.0;
				PRODUCT_BUNDLE_IDENTIFIER = com.ivanmcode.RasterLabTests;
				PRODUCT_NAME = "$(TARGET_NAME)";
				SWIFT_EMIT_LOC_STRINGS = NO;
				SWIFT_VERSION = 5.0;
				TEST_HOST = "$(BUILT_PRODUCTS_DIR)/RasterLab.app/$(BUNDLE_EXECUTABLE_FOLDER_PATH)/RasterLab";
			};
			name = Release;
		};
/* End XCBuildConfiguration section */

/* Begin XCConfigurationList section */
		2CA08ADA2A632789005E14C5 /* Build configuration list for PBXProject "RasterLab" */ = {
			isa = XCConfigurationList;
			buildConfigurations = (
				2CA08AEC2A63278A005E14C5 /* Debug */,
				2CA08AED2A63278A005E14C5 /* Release */,
			);
			defaultConfigurationIsVisible = 0;
			defaultConfigurationName = Release;
		};
		2CA08AEE2A63278A005E14C5 /* Build configuration list for PBXNativeTarget "RasterLab" */ = {
			isa = XCConfigurationList;
			buildConfigurations = (
				2CA08AEF2A63278A005E14C5 /* Debug */,
				2CA08AF02A63278A005E14C5 /* Release */,
			);
			defaultConfigurationIsVisible = 0;
			defaultConfigurationName = Release;
		};
		2CA08AFD2A632B7C005E14C5 /* Build configuration list for PBXNativeTarget "RasterLabTests" */ = {
			isa = XCConfigurationList;
			buildConfigurations = (
				2CA08AFE2A632B7C005E14C5 /* Debug */,
				2CA08AFF2A632B7C005E14C5 /* Release */,
			);
			defaultConfigurationIsVisible = 0;
			defaultConfigurationName = Release;
		};
/* End XCConfigurationList section */
	};
	rootObject = 2CA08AD72A632789005E14C5 /* Project object */;
}
